
Microsoft Visual Studio Solution File, Format Version 12.00
# Visual Studio Version 17
VisualStudioVersion = 17.7.34031.279
MinimumVisualStudioVersion = 10.0.40219.1
Project("{FAE04EC0-301F-11D3-BF4B-00C04F79EFBC}") = "WindowsFormsApp2", "WindowsFormsApp2\WindowsFormsApp2.csproj", "{012D92B2-CE8D-4B4C-B9E8-84364F22584E}"
EndProject
Global
	GlobalSection(SolutionConfigurationPlatforms) = preSolution
		Debug|Any CPU = Debug|Any CPU
		Release|Any CPU = Release|Any CPU
	EndGlobalSection
	GlobalSection(ProjectConfigurationPlatforms) = postSolution
		{012D92B2-CE8D-4B4C-B9E8-84364F22584E}.Debug|Any CPU.ActiveCfg = Debug|Any CPU
		{012D92B2-CE8D-4B4C-B9E8-84364F22584E}.Debug|Any CPU.Build.0 = Debug|Any CPU
		{012D92B2-CE8D-4B4C-B9E8-84364F22584E}.Release|Any CPU.ActiveCfg = Release|Any CPU
		{012D92B2-CE8D-4B4C-B9E8-84364F22584E}.Release|Any CPU.Build.0 = Release|Any CPU
	EndGlobalSection
	GlobalSection(SolutionProperties) = preSolution
		HideSolutionNode = FALSE
	EndGlobalSection
	GlobalSection(ExtensibilityGlobals) = postSolution
		SolutionGuid = {E880C035-6BAD-4D9E-9665-7D933C7E198B}
	EndGlobalSection
EndGlobal
